
Microsoft Visual Studio Solution File, Format Version 12.00
# Visual Studio 15
VisualStudioVersion = 15.0.27428.2015
MinimumVisualStudioVersion = 10.0.40219.1
Project("{FAE04EC0-301F-11D3-BF4B-00C04F79EFBC}") = "PalmRent.Service", "PalmRent.Service\PalmRent.Service.csproj", "{2D6D2273-A3D7-4123-A2CD-20A754575A44}"
EndProject
Project("{FAE04EC0-301F-11D3-BF4B-00C04F79EFBC}") = "PalmRent.Test", "PalmRent.Test\PalmRent.Test.csproj", "{8BF4F265-58AE-40DF-AAB7-29A1029456B8}"
EndProject
Project("{FAE04EC0-301F-11D3-BF4B-00C04F79EFBC}") = "PalmRent.AdminWeb", "PalmRent.AdminWeb\PalmRent.AdminWeb.csproj", "{852695F7-8F60-431F-8D8F-C70965AE820F}"
EndProject
Project("{FAE04EC0-301F-11D3-BF4B-00C04F79EFBC}") = "PalmRent.FrontWeb", "PalmRent.FrontWeb\PalmRent.FrontWeb.csproj", "{F6A07C22-2484-4FE4-8A03-0347A84B7909}"
EndProject
Project("{FAE04EC0-301F-11D3-BF4B-00C04F79EFBC}") = "PalmRent.IService", "PalmRent.IService\PalmRent.IService.csproj", "{00B48ABB-D40E-4E3C-8F1D-47CD5B264EF2}"
EndProject
Project("{FAE04EC0-301F-11D3-BF4B-00C04F79EFBC}") = "PalmRent.DTO", "PalmRent.DTO\PalmRent.DTO.csproj", "{20386ACC-E83D-4D11-93DB-6D44144AF8DC}"
EndProject
Project("{FAE04EC0-301F-11D3-BF4B-00C04F79EFBC}") = "PalmRent.Common", "PalmRent.Common\PalmRent.Common.csproj", "{6FA38BE1-D789-4AA2-935A-9D88F17B66EF}"
EndProject
Project("{FAE04EC0-301F-11D3-BF4B-00C04F79EFBC}") = "PalmRent.CommonMVC", "PalmRent.CommonMVC\PalmRent.CommonMVC.csproj", "{0ED11B80-7812-47DD-8367-E5229E3DB902}"
EndProject
Project("{FAE04EC0-301F-11D3-BF4B-00C04F79EFBC}") = "PalmRent.UnitTest", "PalmRent.UnitTest\PalmRent.UnitTest.csproj", "{15E680FA-1CD1-40AF-831A-DC17020C5201}"
EndProject
Project("{FAE04EC0-301F-11D3-BF4B-00C04F79EFBC}") = "PalmRent.AngularJsTest", "PalmRent.AngularJsTest\PalmRent.AngularJsTest.csproj", "{DE30E6BF-7A03-4756-B558-61A6D7873C8B}"
EndProject
Project("{FAE04EC0-301F-11D3-BF4B-00C04F79EFBC}") = "PalmRent.AdoDnet", "PalmRent.AdoDnet\PalmRent.AdoDnet.csproj", "{92EEA0C7-4D65-4F7E-8CD1-1BB64F34DEDF}"
EndProject
Global
	GlobalSection(SolutionConfigurationPlatforms) = preSolution
		Debug|Any CPU = Debug|Any CPU
		Release|Any CPU = Release|Any CPU
	EndGlobalSection
	GlobalSection(ProjectConfigurationPlatforms) = postSolution
		{2D6D2273-A3D7-4123-A2CD-20A754575A44}.Debug|Any CPU.ActiveCfg = Debug|Any CPU
		{2D6D2273-A3D7-4123-A2CD-20A754575A44}.Debug|Any CPU.Build.0 = Debug|Any CPU
		{2D6D2273-A3D7-4123-A2CD-20A754575A44}.Release|Any CPU.ActiveCfg = Release|Any CPU
		{2D6D2273-A3D7-4123-A2CD-20A754575A44}.Release|Any CPU.Build.0 = Release|Any CPU
		{8BF4F265-58AE-40DF-AAB7-29A1029456B8}.Debug|Any CPU.ActiveCfg = Debug|Any CPU
		{8BF4F265-58AE-40DF-AAB7-29A1029456B8}.Debug|Any CPU.Build.0 = Debug|Any CPU
		{8BF4F265-58AE-40DF-AAB7-29A1029456B8}.Release|Any CPU.ActiveCfg = Release|Any CPU
		{8BF4F265-58AE-40DF-AAB7-29A1029456B8}.Release|Any CPU.Build.0 = Release|Any CPU
		{852695F7-8F60-431F-8D8F-C70965AE820F}.Debug|Any CPU.ActiveCfg = Debug|Any CPU
		{852695F7-8F60-431F-8D8F-C70965AE820F}.Debug|Any CPU.Build.0 = Debug|Any CPU
		{852695F7-8F60-431F-8D8F-C70965AE820F}.Release|Any CPU.ActiveCfg = Release|Any CPU
		{852695F7-8F60-431F-8D8F-C70965AE820F}.Release|Any CPU.Build.0 = Release|Any CPU
		{F6A07C22-2484-4FE4-8A03-0347A84B7909}.Debug|Any CPU.ActiveCfg = Debug|Any CPU
		{F6A07C22-2484-4FE4-8A03-0347A84B7909}.Debug|Any CPU.Build.0 = Debug|Any CPU
		{F6A07C22-2484-4FE4-8A03-0347A84B7909}.Release|Any CPU.ActiveCfg = Release|Any CPU
		{F6A07C22-2484-4FE4-8A03-0347A84B7909}.Release|Any CPU.Build.0 = Release|Any CPU
		{00B48ABB-D40E-4E3C-8F1D-47CD5B264EF2}.Debug|Any CPU.ActiveCfg = Debug|Any CPU
		{00B48ABB-D40E-4E3C-8F1D-47CD5B264EF2}.Debug|Any CPU.Build.0 = Debug|Any CPU
		{00B48ABB-D40E-4E3C-8F1D-47CD5B264EF2}.Release|Any CPU.ActiveCfg = Release|Any CPU
		{00B48ABB-D40E-4E3C-8F1D-47CD5B264EF2}.Release|Any CPU.Build.0 = Release|Any CPU
		{20386ACC-E83D-4D11-93DB-6D44144AF8DC}.Debug|Any CPU.ActiveCfg = Debug|Any CPU
		{20386ACC-E83D-4D11-93DB-6D44144AF8DC}.Debug|Any CPU.Build.0 = Debug|Any CPU
		{20386ACC-E83D-4D11-93DB-6D44144AF8DC}.Release|Any CPU.ActiveCfg = Release|Any CPU
		{20386ACC-E83D-4D11-93DB-6D44144AF8DC}.Release|Any CPU.Build.0 = Release|Any CPU
		{6FA38BE1-D789-4AA2-935A-9D88F17B66EF}.Debug|Any CPU.ActiveCfg = Debug|Any CPU
		{6FA38BE1-D789-4AA2-935A-9D88F17B66EF}.Debug|Any CPU.Build.0 = Debug|Any CPU
		{6FA38BE1-D789-4AA2-935A-9D88F17B66EF}.Release|Any CPU.ActiveCfg = Release|Any CPU
		{6FA38BE1-D789-4AA2-935A-9D88F17B66EF}.Release|Any CPU.Build.0 = Release|Any CPU
		{0ED11B80-7812-47DD-8367-E5229E3DB902}.Debug|Any CPU.ActiveCfg = Debug|Any CPU
		{0ED11B80-7812-47DD-8367-E5229E3DB902}.Debug|Any CPU.Build.0 = Debug|Any CPU
		{0ED11B80-7812-47DD-8367-E5229E3DB902}.Release|Any CPU.ActiveCfg = Release|Any CPU
		{0ED11B80-7812-47DD-8367-E5229E3DB902}.Release|Any CPU.Build.0 = Release|Any CPU
		{15E680FA-1CD1-40AF-831A-DC17020C5201}.Debug|Any CPU.ActiveCfg = Debug|Any CPU
		{15E680FA-1CD1-40AF-831A-DC17020C5201}.Debug|Any CPU.Build.0 = Debug|Any CPU
		{15E680FA-1CD1-40AF-831A-DC17020C5201}.Release|Any CPU.ActiveCfg = Release|Any CPU
		{15E680FA-1CD1-40AF-831A-DC17020C5201}.Release|Any CPU.Build.0 = Release|Any CPU
		{DE30E6BF-7A03-4756-B558-61A6D7873C8B}.Debug|Any CPU.ActiveCfg = Debug|Any CPU
		{DE30E6BF-7A03-4756-B558-61A6D7873C8B}.Debug|Any CPU.Build.0 = Debug|Any CPU
		{DE30E6BF-7A03-4756-B558-61A6D7873C8B}.Release|Any CPU.ActiveCfg = Release|Any CPU
		{DE30E6BF-7A03-4756-B558-61A6D7873C8B}.Release|Any CPU.Build.0 = Release|Any CPU
		{92EEA0C7-4D65-4F7E-8CD1-1BB64F34DEDF}.Debug|Any CPU.ActiveCfg = Debug|Any CPU
		{92EEA0C7-4D65-4F7E-8CD1-1BB64F34DEDF}.Debug|Any CPU.Build.0 = Debug|Any CPU
		{92EEA0C7-4D65-4F7E-8CD1-1BB64F34DEDF}.Release|Any CPU.ActiveCfg = Release|Any CPU
		{92EEA0C7-4D65-4F7E-8CD1-1BB64F34DEDF}.Release|Any CPU.Build.0 = Release|Any CPU
	EndGlobalSection
	GlobalSection(SolutionProperties) = preSolution
		HideSolutionNode = FALSE
	EndGlobalSection
	GlobalSection(ExtensibilityGlobals) = postSolution
		SolutionGuid = {C9E2DCAB-1764-43F1-94D8-0FF334C081A5}
	EndGlobalSection
EndGlobal
